// !$*UTF8*$!
{
	archiveVersion = 1;
	classes = {
	};
	objectVersion = 55;
	objects = {

/* Begin PBXBuildFile section */
		4A57EC7A2CC5375200A21F0A /* RegisterViewController.swift in Sources */ = {isa = PBXBuildFile; fileRef = 4A57EC792CC5375200A21F0A /* RegisterViewController.swift */; };
		4A64D1E12CD7BC18009C02D7 /* Moya in Frameworks */ = {isa = PBXBuildFile; productRef = 4A64D1E02CD7BC18009C02D7 /* Moya */; };
		4A64D1E42CD7E57B009C02D7 /* Industry.swift in Sources */ = {isa = PBXBuildFile; fileRef = 4A64D1E32CD7E518009C02D7 /* Industry.swift */; };
		4A64D1E52CD7E581009C02D7 /* Region.swift in Sources */ = {isa = PBXBuildFile; fileRef = 4A64D1E22CD7E4D1009C02D7 /* Region.swift */; };
		4A64D1E82CD7E9D9009C02D7 /* UserAPI.swift in Sources */ = {isa = PBXBuildFile; fileRef = 4A64D1E72CD7E9D9009C02D7 /* UserAPI.swift */; };
		4A64D1EB2CD7EA39009C02D7 /* RegisterUserRequest.swift in Sources */ = {isa = PBXBuildFile; fileRef = 4A64D1EA2CD7EA39009C02D7 /* RegisterUserRequest.swift */; };
		4A64D1ED2CD7EC3F009C02D7 /* RegisterUserResponse.swift in Sources */ = {isa = PBXBuildFile; fileRef = 4A64D1EC2CD7EC3F009C02D7 /* RegisterUserResponse.swift */; };
		4A64D1EF2CD7EDBC009C02D7 /* BaseTargetType.swift in Sources */ = {isa = PBXBuildFile; fileRef = 4A64D1EE2CD7EDBC009C02D7 /* BaseTargetType.swift */; };
		4A64D1F12CD7EE30009C02D7 /* NotificationAPI.swift in Sources */ = {isa = PBXBuildFile; fileRef = 4A64D1F02CD7EE30009C02D7 /* NotificationAPI.swift */; };
		4A64D1F32CD7EED1009C02D7 /* GetNotificationsRequest.swift in Sources */ = {isa = PBXBuildFile; fileRef = 4A64D1F22CD7EED1009C02D7 /* GetNotificationsRequest.swift */; };
		4A64D1F52CD7EEE8009C02D7 /* GetNotificationsResponse.swift in Sources */ = {isa = PBXBuildFile; fileRef = 4A64D1F42CD7EEE8009C02D7 /* GetNotificationsResponse.swift */; };
		4A64D1F72CD7F09B009C02D7 /* GetNotificationResponse.swift in Sources */ = {isa = PBXBuildFile; fileRef = 4A64D1F62CD7F09B009C02D7 /* GetNotificationResponse.swift */; };
		4A64D1F92CD7F4C3009C02D7 /* UserDefaults+Extension.swift in Sources */ = {isa = PBXBuildFile; fileRef = 4A64D1F82CD7F4C3009C02D7 /* UserDefaults+Extension.swift */; };
		4A64D1FB2CD7F8F8009C02D7 /* BaseResponse.swift in Sources */ = {isa = PBXBuildFile; fileRef = 4A64D1FA2CD7F8F8009C02D7 /* BaseResponse.swift */; };
		4AF0FC3E2CC54F5D0064C265 /* HomeViewController.swift in Sources */ = {isa = PBXBuildFile; fileRef = 4AF0FC3D2CC54F5D0064C265 /* HomeViewController.swift */; };
		4AF0FC422CC54FC60064C265 /* HomeCollectionViewCell.swift in Sources */ = {isa = PBXBuildFile; fileRef = 4AF0FC412CC54FC60064C265 /* HomeCollectionViewCell.swift */; };
		4AF0FC452CC5500E0064C265 /* HomeItem.swift in Sources */ = {isa = PBXBuildFile; fileRef = 4AF0FC442CC5500E0064C265 /* HomeItem.swift */; };
		4AF0FC482CC55CCC0064C265 /* DetailViewController.swift in Sources */ = {isa = PBXBuildFile; fileRef = 4AF0FC472CC55CCC0064C265 /* DetailViewController.swift */; };
		4AF0FC4B2CC55DFD0064C265 /* MarkdownKit in Frameworks */ = {isa = PBXBuildFile; productRef = 4AF0FC4A2CC55DFD0064C265 /* MarkdownKit */; };
		4AF0FC4D2CC55E850064C265 /* Mock.swift in Sources */ = {isa = PBXBuildFile; fileRef = 4AF0FC4C2CC55E850064C265 /* Mock.swift */; };
		B1631F0B2A1759EA0050974F /* AppDelegate.swift in Sources */ = {isa = PBXBuildFile; fileRef = B1631F0A2A1759EA0050974F /* AppDelegate.swift */; };
		B1631F0D2A1759EA0050974F /* SceneDelegate.swift in Sources */ = {isa = PBXBuildFile; fileRef = B1631F0C2A1759EA0050974F /* SceneDelegate.swift */; };
		B1631F142A1759EB0050974F /* Assets.xcassets in Resources */ = {isa = PBXBuildFile; fileRef = B1631F132A1759EB0050974F /* Assets.xcassets */; };
		B1631F172A1759EB0050974F /* LaunchScreen.storyboard in Resources */ = {isa = PBXBuildFile; fileRef = B1631F152A1759EB0050974F /* LaunchScreen.storyboard */; };
		B1631F222A1759EB0050974F /* CoffitTests.swift in Sources */ = {isa = PBXBuildFile; fileRef = B1631F212A1759EB0050974F /* CoffitTests.swift */; };
		B1631F2C2A1759EB0050974F /* CoffitUITests.swift in Sources */ = {isa = PBXBuildFile; fileRef = B1631F2B2A1759EB0050974F /* CoffitUITests.swift */; };
		B1631F2E2A1759EB0050974F /* CoffitUITestsLaunchTests.swift in Sources */ = {isa = PBXBuildFile; fileRef = B1631F2D2A1759EB0050974F /* CoffitUITestsLaunchTests.swift */; };
		B1631F482A175C780050974F /* UIView+Extension.swift in Sources */ = {isa = PBXBuildFile; fileRef = B1631F472A175C780050974F /* UIView+Extension.swift */; };
		B1631F4A2A175D5C0050974F /* UIButton+Extension.swift in Sources */ = {isa = PBXBuildFile; fileRef = B1631F492A175D5C0050974F /* UIButton+Extension.swift */; };
		B1631F4C2A175DC80050974F /* NSMutableAttributedString+Extension.swift in Sources */ = {isa = PBXBuildFile; fileRef = B1631F4B2A175DC80050974F /* NSMutableAttributedString+Extension.swift */; };
		B1631F4E2A175E350050974F /* UIStackView+Extension.swift in Sources */ = {isa = PBXBuildFile; fileRef = B1631F4D2A175E350050974F /* UIStackView+Extension.swift */; };
		B1631F502A175E840050974F /* String+Extension.swift in Sources */ = {isa = PBXBuildFile; fileRef = B1631F4F2A175E840050974F /* String+Extension.swift */; };
		B1631F522A175EDB0050974F /* UIResponder+Extension.swift in Sources */ = {isa = PBXBuildFile; fileRef = B1631F512A175EDB0050974F /* UIResponder+Extension.swift */; };
		B1631F542A175F090050974F /* UIImageView+Extension.swift in Sources */ = {isa = PBXBuildFile; fileRef = B1631F532A175F090050974F /* UIImageView+Extension.swift */; };
		B1631F562A175F230050974F /* UICollectionViewCell+Extension.swift in Sources */ = {isa = PBXBuildFile; fileRef = B1631F552A175F230050974F /* UICollectionViewCell+Extension.swift */; };
		B1631F592A175F470050974F /* Notification.Name+Extension.swift in Sources */ = {isa = PBXBuildFile; fileRef = B1631F582A175F470050974F /* Notification.Name+Extension.swift */; };
		B1631F5B2A175F860050974F /* UITextField+Extension.swift in Sources */ = {isa = PBXBuildFile; fileRef = B1631F5A2A175F850050974F /* UITextField+Extension.swift */; };
		B1631F5D2A175F9C0050974F /* Date+Extension.swift in Sources */ = {isa = PBXBuildFile; fileRef = B1631F5C2A175F9C0050974F /* Date+Extension.swift */; };
		B1A7C7592C95780B0020E9BA /* Bundle.swift in Sources */ = {isa = PBXBuildFile; fileRef = B1A7C7582C95780B0020E9BA /* Bundle.swift */; };
		B1AD99832BC2EC80005AA45B /* SnapKit in Frameworks */ = {isa = PBXBuildFile; productRef = B1AD99822BC2EC80005AA45B /* SnapKit */; };
/* End PBXBuildFile section */

/* Begin PBXContainerItemProxy section */
		B1631F1E2A1759EB0050974F /* PBXContainerItemProxy */ = {
			isa = PBXContainerItemProxy;
			containerPortal = B1631EFF2A1759EA0050974F /* Project object */;
			proxyType = 1;
			remoteGlobalIDString = B1631F062A1759EA0050974F;
			remoteInfo = ZKFace;
		};
		B1631F282A1759EB0050974F /* PBXContainerItemProxy */ = {
			isa = PBXContainerItemProxy;
			containerPortal = B1631EFF2A1759EA0050974F /* Project object */;
			proxyType = 1;
			remoteGlobalIDString = B1631F062A1759EA0050974F;
			remoteInfo = ZKFace;
		};
/* End PBXContainerItemProxy section */

/* Begin PBXFileReference section */
		4A57EC792CC5375200A21F0A /* RegisterViewController.swift */ = {isa = PBXFileReference; lastKnownFileType = sourcecode.swift; path = RegisterViewController.swift; sourceTree = "<group>"; };
		4A64D1E22CD7E4D1009C02D7 /* Region.swift */ = {isa = PBXFileReference; lastKnownFileType = sourcecode.swift; path = Region.swift; sourceTree = "<group>"; };
		4A64D1E32CD7E518009C02D7 /* Industry.swift */ = {isa = PBXFileReference; lastKnownFileType = sourcecode.swift; path = Industry.swift; sourceTree = "<group>"; };
		4A64D1E72CD7E9D9009C02D7 /* UserAPI.swift */ = {isa = PBXFileReference; lastKnownFileType = sourcecode.swift; path = UserAPI.swift; sourceTree = "<group>"; };
		4A64D1EA2CD7EA39009C02D7 /* RegisterUserRequest.swift */ = {isa = PBXFileReference; lastKnownFileType = sourcecode.swift; path = RegisterUserRequest.swift; sourceTree = "<group>"; };
		4A64D1EC2CD7EC3F009C02D7 /* RegisterUserResponse.swift */ = {isa = PBXFileReference; lastKnownFileType = sourcecode.swift; path = RegisterUserResponse.swift; sourceTree = "<group>"; };
		4A64D1EE2CD7EDBC009C02D7 /* BaseTargetType.swift */ = {isa = PBXFileReference; lastKnownFileType = sourcecode.swift; path = BaseTargetType.swift; sourceTree = "<group>"; };
		4A64D1F02CD7EE30009C02D7 /* NotificationAPI.swift */ = {isa = PBXFileReference; lastKnownFileType = sourcecode.swift; path = NotificationAPI.swift; sourceTree = "<group>"; };
		4A64D1F22CD7EED1009C02D7 /* GetNotificationsRequest.swift */ = {isa = PBXFileReference; lastKnownFileType = sourcecode.swift; path = GetNotificationsRequest.swift; sourceTree = "<group>"; };
		4A64D1F42CD7EEE8009C02D7 /* GetNotificationsResponse.swift */ = {isa = PBXFileReference; lastKnownFileType = sourcecode.swift; path = GetNotificationsResponse.swift; sourceTree = "<group>"; };
		4A64D1F62CD7F09B009C02D7 /* GetNotificationResponse.swift */ = {isa = PBXFileReference; lastKnownFileType = sourcecode.swift; path = GetNotificationResponse.swift; sourceTree = "<group>"; };
		4A64D1F82CD7F4C3009C02D7 /* UserDefaults+Extension.swift */ = {isa = PBXFileReference; lastKnownFileType = sourcecode.swift; path = "UserDefaults+Extension.swift"; sourceTree = "<group>"; };
		4A64D1FA2CD7F8F8009C02D7 /* BaseResponse.swift */ = {isa = PBXFileReference; lastKnownFileType = sourcecode.swift; path = BaseResponse.swift; sourceTree = "<group>"; };
		4AD543D62CBEA9FA00AFAEE8 /* .keep */ = {isa = PBXFileReference; lastKnownFileType = text; path = .keep; sourceTree = "<group>"; };
		4AF0FC3D2CC54F5D0064C265 /* HomeViewController.swift */ = {isa = PBXFileReference; lastKnownFileType = sourcecode.swift; path = HomeViewController.swift; sourceTree = "<group>"; };
		4AF0FC412CC54FC60064C265 /* HomeCollectionViewCell.swift */ = {isa = PBXFileReference; lastKnownFileType = sourcecode.swift; path = HomeCollectionViewCell.swift; sourceTree = "<group>"; };
		4AF0FC442CC5500E0064C265 /* HomeItem.swift */ = {isa = PBXFileReference; lastKnownFileType = sourcecode.swift; path = HomeItem.swift; sourceTree = "<group>"; };
		4AF0FC472CC55CCC0064C265 /* DetailViewController.swift */ = {isa = PBXFileReference; lastKnownFileType = sourcecode.swift; path = DetailViewController.swift; sourceTree = "<group>"; };
		4AF0FC4C2CC55E850064C265 /* Mock.swift */ = {isa = PBXFileReference; lastKnownFileType = sourcecode.swift; path = Mock.swift; sourceTree = "<group>"; };
		B1631F072A1759EA0050974F /* Coffit.app */ = {isa = PBXFileReference; explicitFileType = wrapper.application; includeInIndex = 0; path = Coffit.app; sourceTree = BUILT_PRODUCTS_DIR; };
		B1631F0A2A1759EA0050974F /* AppDelegate.swift */ = {isa = PBXFileReference; lastKnownFileType = sourcecode.swift; path = AppDelegate.swift; sourceTree = "<group>"; };
		B1631F0C2A1759EA0050974F /* SceneDelegate.swift */ = {isa = PBXFileReference; lastKnownFileType = sourcecode.swift; path = SceneDelegate.swift; sourceTree = "<group>"; };
		B1631F132A1759EB0050974F /* Assets.xcassets */ = {isa = PBXFileReference; lastKnownFileType = folder.assetcatalog; path = Assets.xcassets; sourceTree = "<group>"; };
		B1631F162A1759EB0050974F /* Base */ = {isa = PBXFileReference; lastKnownFileType = file.storyboard; name = Base; path = Base.lproj/LaunchScreen.storyboard; sourceTree = "<group>"; };
		B1631F182A1759EB0050974F /* Info.plist */ = {isa = PBXFileReference; lastKnownFileType = text.plist.xml; path = Info.plist; sourceTree = "<group>"; };
		B1631F1D2A1759EB0050974F /* CoffitTests.xctest */ = {isa = PBXFileReference; explicitFileType = wrapper.cfbundle; includeInIndex = 0; path = CoffitTests.xctest; sourceTree = BUILT_PRODUCTS_DIR; };
		B1631F212A1759EB0050974F /* CoffitTests.swift */ = {isa = PBXFileReference; lastKnownFileType = sourcecode.swift; path = CoffitTests.swift; sourceTree = "<group>"; };
		B1631F272A1759EB0050974F /* CoffitUITests.xctest */ = {isa = PBXFileReference; explicitFileType = wrapper.cfbundle; includeInIndex = 0; path = CoffitUITests.xctest; sourceTree = BUILT_PRODUCTS_DIR; };
		B1631F2B2A1759EB0050974F /* CoffitUITests.swift */ = {isa = PBXFileReference; lastKnownFileType = sourcecode.swift; path = CoffitUITests.swift; sourceTree = "<group>"; };
		B1631F2D2A1759EB0050974F /* CoffitUITestsLaunchTests.swift */ = {isa = PBXFileReference; lastKnownFileType = sourcecode.swift; path = CoffitUITestsLaunchTests.swift; sourceTree = "<group>"; };
		B1631F472A175C780050974F /* UIView+Extension.swift */ = {isa = PBXFileReference; lastKnownFileType = sourcecode.swift; path = "UIView+Extension.swift"; sourceTree = "<group>"; };
		B1631F492A175D5C0050974F /* UIButton+Extension.swift */ = {isa = PBXFileReference; lastKnownFileType = sourcecode.swift; path = "UIButton+Extension.swift"; sourceTree = "<group>"; };
		B1631F4B2A175DC80050974F /* NSMutableAttributedString+Extension.swift */ = {isa = PBXFileReference; lastKnownFileType = sourcecode.swift; path = "NSMutableAttributedString+Extension.swift"; sourceTree = "<group>"; };
		B1631F4D2A175E350050974F /* UIStackView+Extension.swift */ = {isa = PBXFileReference; lastKnownFileType = sourcecode.swift; path = "UIStackView+Extension.swift"; sourceTree = "<group>"; };
		B1631F4F2A175E840050974F /* String+Extension.swift */ = {isa = PBXFileReference; lastKnownFileType = sourcecode.swift; path = "String+Extension.swift"; sourceTree = "<group>"; };
		B1631F512A175EDB0050974F /* UIResponder+Extension.swift */ = {isa = PBXFileReference; lastKnownFileType = sourcecode.swift; path = "UIResponder+Extension.swift"; sourceTree = "<group>"; };
		B1631F532A175F090050974F /* UIImageView+Extension.swift */ = {isa = PBXFileReference; lastKnownFileType = sourcecode.swift; path = "UIImageView+Extension.swift"; sourceTree = "<group>"; };
		B1631F552A175F230050974F /* UICollectionViewCell+Extension.swift */ = {isa = PBXFileReference; lastKnownFileType = sourcecode.swift; path = "UICollectionViewCell+Extension.swift"; sourceTree = "<group>"; };
		B1631F582A175F470050974F /* Notification.Name+Extension.swift */ = {isa = PBXFileReference; lastKnownFileType = sourcecode.swift; path = "Notification.Name+Extension.swift"; sourceTree = "<group>"; };
		B1631F5A2A175F850050974F /* UITextField+Extension.swift */ = {isa = PBXFileReference; lastKnownFileType = sourcecode.swift; path = "UITextField+Extension.swift"; sourceTree = "<group>"; };
		B1631F5C2A175F9C0050974F /* Date+Extension.swift */ = {isa = PBXFileReference; lastKnownFileType = sourcecode.swift; path = "Date+Extension.swift"; sourceTree = "<group>"; };
		B1631F622A1760020050974F /* .keep */ = {isa = PBXFileReference; lastKnownFileType = text; path = .keep; sourceTree = "<group>"; };
		B1A7C7582C95780B0020E9BA /* Bundle.swift */ = {isa = PBXFileReference; lastKnownFileType = sourcecode.swift; path = Bundle.swift; sourceTree = "<group>"; };
/* End PBXFileReference section */

/* Begin PBXFrameworksBuildPhase section */
		B1631F042A1759EA0050974F /* Frameworks */ = {
			isa = PBXFrameworksBuildPhase;
			buildActionMask = 2147483647;
			files = (
				4AF0FC4B2CC55DFD0064C265 /* MarkdownKit in Frameworks */,
				B1AD99832BC2EC80005AA45B /* SnapKit in Frameworks */,
				4A64D1E12CD7BC18009C02D7 /* Moya in Frameworks */,
			);
			runOnlyForDeploymentPostprocessing = 0;
		};
		B1631F1A2A1759EB0050974F /* Frameworks */ = {
			isa = PBXFrameworksBuildPhase;
			buildActionMask = 2147483647;
			files = (
			);
			runOnlyForDeploymentPostprocessing = 0;
		};
		B1631F242A1759EB0050974F /* Frameworks */ = {
			isa = PBXFrameworksBuildPhase;
			buildActionMask = 2147483647;
			files = (
			);
			runOnlyForDeploymentPostprocessing = 0;
		};
/* End PBXFrameworksBuildPhase section */

/* Begin PBXGroup section */
		4A57EC782CC5375200A21F0A /* Register */ = {
			isa = PBXGroup;
			children = (
				4A57EC792CC5375200A21F0A /* RegisterViewController.swift */,
			);
			path = Register;
			sourceTree = "<group>";
		};
		4A64D1E62CD7E9A5009C02D7 /* API */ = {
			isa = PBXGroup;
			children = (
				4A64D1E72CD7E9D9009C02D7 /* UserAPI.swift */,
				4A64D1EE2CD7EDBC009C02D7 /* BaseTargetType.swift */,
				4A64D1F02CD7EE30009C02D7 /* NotificationAPI.swift */,
			);
			path = API;
			sourceTree = "<group>";
		};
		4A64D1E92CD7EA1B009C02D7 /* Model */ = {
			isa = PBXGroup;
			children = (
				4A64D1EA2CD7EA39009C02D7 /* RegisterUserRequest.swift */,
				4A64D1EC2CD7EC3F009C02D7 /* RegisterUserResponse.swift */,
				4A64D1F22CD7EED1009C02D7 /* GetNotificationsRequest.swift */,
				4A64D1F42CD7EEE8009C02D7 /* GetNotificationsResponse.swift */,
				4A64D1F62CD7F09B009C02D7 /* GetNotificationResponse.swift */,
				4A64D1FA2CD7F8F8009C02D7 /* BaseResponse.swift */,
			);
			path = Model;
			sourceTree = "<group>";
		};
		4AF0FC3C2CC54F330064C265 /* Home */ = {
			isa = PBXGroup;
			children = (
				4AF0FC432CC54FF20064C265 /* Models */,
				4AF0FC3F2CC54FAF0064C265 /* Cells */,
				4AF0FC3D2CC54F5D0064C265 /* HomeViewController.swift */,
			);
			path = Home;
			sourceTree = "<group>";
		};
		4AF0FC3F2CC54FAF0064C265 /* Cells */ = {
			isa = PBXGroup;
			children = (
				4AF0FC412CC54FC60064C265 /* HomeCollectionViewCell.swift */,
			);
			path = Cells;
			sourceTree = "<group>";
		};
		4AF0FC432CC54FF20064C265 /* Models */ = {
			isa = PBXGroup;
			children = (
				4AF0FC442CC5500E0064C265 /* HomeItem.swift */,
			);
			path = Models;
			sourceTree = "<group>";
		};
		4AF0FC462CC55CAD0064C265 /* Detail */ = {
			isa = PBXGroup;
			children = (
				4AF0FC472CC55CCC0064C265 /* DetailViewController.swift */,
			);
			path = Detail;
			sourceTree = "<group>";
		};
		8672EBB02C956E8600A73555 /* Networks */ = {
			isa = PBXGroup;
			children = (
				4A64D1E62CD7E9A5009C02D7 /* API */,
				4A64D1E92CD7EA1B009C02D7 /* Model */,
			);
			path = Networks;
			sourceTree = "<group>";
		};
		B1631EFE2A1759EA0050974F = {
			isa = PBXGroup;
			children = (
				B1631F092A1759EA0050974F /* Coffit */,
				B1631F202A1759EB0050974F /* CoffitTests */,
				B1631F2A2A1759EB0050974F /* CoffitUITests */,
				B1631F082A1759EA0050974F /* Products */,
				B1E859CF2C95B96800400C23 /* Frameworks */,
			);
			sourceTree = "<group>";
		};
		B1631F082A1759EA0050974F /* Products */ = {
			isa = PBXGroup;
			children = (
				B1631F072A1759EA0050974F /* Coffit.app */,
				B1631F1D2A1759EB0050974F /* CoffitTests.xctest */,
				B1631F272A1759EB0050974F /* CoffitUITests.xctest */,
			);
			name = Products;
			sourceTree = "<group>";
		};
		B1631F092A1759EA0050974F /* Coffit */ = {
			isa = PBXGroup;
			children = (
				B1631F3A2A175B210050974F /* Global */,
				B1631F3B2A175B290050974F /* Screen */,
			);
			path = Coffit;
			sourceTree = "<group>";
		};
		B1631F202A1759EB0050974F /* CoffitTests */ = {
			isa = PBXGroup;
			children = (
				B1631F212A1759EB0050974F /* CoffitTests.swift */,
			);
			path = CoffitTests;
			sourceTree = "<group>";
		};
		B1631F2A2A1759EB0050974F /* CoffitUITests */ = {
			isa = PBXGroup;
			children = (
				B1631F2B2A1759EB0050974F /* CoffitUITests.swift */,
				B1631F2D2A1759EB0050974F /* CoffitUITestsLaunchTests.swift */,
			);
			path = CoffitUITests;
			sourceTree = "<group>";
		};
		B1631F3A2A175B210050974F /* Global */ = {
			isa = PBXGroup;
			children = (
				B1A7C7572C9577F10020E9BA /* Configs */,
				8672EBB02C956E8600A73555 /* Networks */,
				B1631F672A1760210050974F /* Components */,
				B1631F642A1760050050974F /* Utilities */,
				B1631F612A175FF80050974F /* Consts */,
				B1631F5E2A175FD00050974F /* Models */,
				B1631F3C2A175B4D0050974F /* Extensions */,
				B1631F422A175BA30050974F /* Resources */,
				B1631F462A175BF10050974F /* Supporting Files */,
			);
			path = Global;
			sourceTree = "<group>";
		};
		B1631F3B2A175B290050974F /* Screen */ = {
			isa = PBXGroup;
			children = (
				4A57EC782CC5375200A21F0A /* Register */,
				4AF0FC3C2CC54F330064C265 /* Home */,
				4AF0FC462CC55CAD0064C265 /* Detail */,
			);
			path = Screen;
			sourceTree = "<group>";
		};
		B1631F3C2A175B4D0050974F /* Extensions */ = {
			isa = PBXGroup;
			children = (
				B1631F472A175C780050974F /* UIView+Extension.swift */,
				B1631F492A175D5C0050974F /* UIButton+Extension.swift */,
				B1631F4B2A175DC80050974F /* NSMutableAttributedString+Extension.swift */,
				B1631F4D2A175E350050974F /* UIStackView+Extension.swift */,
				B1631F4F2A175E840050974F /* String+Extension.swift */,
				B1631F512A175EDB0050974F /* UIResponder+Extension.swift */,
				B1631F532A175F090050974F /* UIImageView+Extension.swift */,
				B1631F552A175F230050974F /* UICollectionViewCell+Extension.swift */,
				B1631F582A175F470050974F /* Notification.Name+Extension.swift */,
				B1631F5A2A175F850050974F /* UITextField+Extension.swift */,
				B1631F5C2A175F9C0050974F /* Date+Extension.swift */,
				4A64D1F82CD7F4C3009C02D7 /* UserDefaults+Extension.swift */,
			);
			path = Extensions;
			sourceTree = "<group>";
		};
		B1631F422A175BA30050974F /* Resources */ = {
			isa = PBXGroup;
			children = (
				B1631F0A2A1759EA0050974F /* AppDelegate.swift */,
				B1631F0C2A1759EA0050974F /* SceneDelegate.swift */,
				B1631F132A1759EB0050974F /* Assets.xcassets */,
				B1631F152A1759EB0050974F /* LaunchScreen.storyboard */,
			);
			path = Resources;
			sourceTree = "<group>";
		};
		B1631F462A175BF10050974F /* Supporting Files */ = {
			isa = PBXGroup;
			children = (
				B1631F182A1759EB0050974F /* Info.plist */,
			);
			path = "Supporting Files";
			sourceTree = "<group>";
		};
		B1631F5E2A175FD00050974F /* Models */ = {
			isa = PBXGroup;
			children = (
				4A64D1E32CD7E518009C02D7 /* Industry.swift */,
				4A64D1E22CD7E4D1009C02D7 /* Region.swift */,
			);
			path = Models;
			sourceTree = "<group>";
		};
		B1631F612A175FF80050974F /* Consts */ = {
			isa = PBXGroup;
			children = (
				B1631F622A1760020050974F /* .keep */,
			);
			path = Consts;
			sourceTree = "<group>";
		};
		B1631F642A1760050050974F /* Utilities */ = {
			isa = PBXGroup;
			children = (
				4AF0FC4C2CC55E850064C265 /* Mock.swift */,
			);
			path = Utilities;
			sourceTree = "<group>";
		};
		B1631F672A1760210050974F /* Components */ = {
			isa = PBXGroup;
			children = (
				4AD543D62CBEA9FA00AFAEE8 /* .keep */,
			);
			path = Components;
			sourceTree = "<group>";
		};
		B1A7C7572C9577F10020E9BA /* Configs */ = {
			isa = PBXGroup;
			children = (
				B1A7C7582C95780B0020E9BA /* Bundle.swift */,
			);
			path = Configs;
			sourceTree = "<group>";
		};
		B1E859CF2C95B96800400C23 /* Frameworks */ = {
			isa = PBXGroup;
			children = (
			);
			name = Frameworks;
			sourceTree = "<group>";
		};
/* End PBXGroup section */

/* Begin PBXNativeTarget section */
		B1631F062A1759EA0050974F /* Coffit */ = {
			isa = PBXNativeTarget;
			buildConfigurationList = B1631F312A1759EB0050974F /* Build configuration list for PBXNativeTarget "Coffit" */;
			buildPhases = (
				B1631F032A1759EA0050974F /* Sources */,
				B1631F042A1759EA0050974F /* Frameworks */,
				B1631F052A1759EA0050974F /* Resources */,
			);
			buildRules = (
			);
			dependencies = (
			);
			name = Coffit;
			packageProductDependencies = (
				B1AD99822BC2EC80005AA45B /* SnapKit */,
				4AF0FC4A2CC55DFD0064C265 /* MarkdownKit */,
				4A64D1E02CD7BC18009C02D7 /* Moya */,
			);
			productName = ZKFace;
			productReference = B1631F072A1759EA0050974F /* Coffit.app */;
			productType = "com.apple.product-type.application";
		};
		B1631F1C2A1759EB0050974F /* CoffitTests */ = {
			isa = PBXNativeTarget;
			buildConfigurationList = B1631F342A1759EC0050974F /* Build configuration list for PBXNativeTarget "CoffitTests" */;
			buildPhases = (
				B1631F192A1759EB0050974F /* Sources */,
				B1631F1A2A1759EB0050974F /* Frameworks */,
				B1631F1B2A1759EB0050974F /* Resources */,
			);
			buildRules = (
			);
			dependencies = (
				B1631F1F2A1759EB0050974F /* PBXTargetDependency */,
			);
			name = CoffitTests;
			productName = ZKFaceTests;
			productReference = B1631F1D2A1759EB0050974F /* CoffitTests.xctest */;
			productType = "com.apple.product-type.bundle.unit-test";
		};
		B1631F262A1759EB0050974F /* CoffitUITests */ = {
			isa = PBXNativeTarget;
			buildConfigurationList = B1631F372A1759EC0050974F /* Build configuration list for PBXNativeTarget "CoffitUITests" */;
			buildPhases = (
				B1631F232A1759EB0050974F /* Sources */,
				B1631F242A1759EB0050974F /* Frameworks */,
				B1631F252A1759EB0050974F /* Resources */,
			);
			buildRules = (
			);
			dependencies = (
				B1631F292A1759EB0050974F /* PBXTargetDependency */,
			);
			name = CoffitUITests;
			productName = ZKFaceUITests;
			productReference = B1631F272A1759EB0050974F /* CoffitUITests.xctest */;
			productType = "com.apple.product-type.bundle.ui-testing";
		};
/* End PBXNativeTarget section */

/* Begin PBXProject section */
		B1631EFF2A1759EA0050974F /* Project object */ = {
			isa = PBXProject;
			attributes = {
				BuildIndependentTargetsInParallel = 1;
				LastSwiftUpdateCheck = 1430;
				LastUpgradeCheck = 1530;
				TargetAttributes = {
					B1631F062A1759EA0050974F = {
						CreatedOnToolsVersion = 14.3;
					};
					B1631F1C2A1759EB0050974F = {
						CreatedOnToolsVersion = 14.3;
						TestTargetID = B1631F062A1759EA0050974F;
					};
					B1631F262A1759EB0050974F = {
						CreatedOnToolsVersion = 14.3;
						TestTargetID = B1631F062A1759EA0050974F;
					};
				};
			};
			buildConfigurationList = B1631F022A1759EA0050974F /* Build configuration list for PBXProject "Coffit" */;
			compatibilityVersion = "Xcode 13.0";
			developmentRegion = en;
			hasScannedForEncodings = 0;
			knownRegions = (
				en,
				Base,
			);
			mainGroup = B1631EFE2A1759EA0050974F;
			packageReferences = (
				B1AD99812BC2EC80005AA45B /* XCRemoteSwiftPackageReference "SnapKit" */,
				4AF0FC492CC55D0B0064C265 /* XCRemoteSwiftPackageReference "MarkdownKit" */,
				4A64D1DF2CD7BC18009C02D7 /* XCRemoteSwiftPackageReference "Moya" */,
			);
			productRefGroup = B1631F082A1759EA0050974F /* Products */;
			projectDirPath = "";
			projectRoot = "";
			targets = (
				B1631F062A1759EA0050974F /* Coffit */,
				B1631F1C2A1759EB0050974F /* CoffitTests */,
				B1631F262A1759EB0050974F /* CoffitUITests */,
			);
		};
/* End PBXProject section */

/* Begin PBXResourcesBuildPhase section */
		B1631F052A1759EA0050974F /* Resources */ = {
			isa = PBXResourcesBuildPhase;
			buildActionMask = 2147483647;
			files = (
				B1631F172A1759EB0050974F /* LaunchScreen.storyboard in Resources */,
				B1631F142A1759EB0050974F /* Assets.xcassets in Resources */,
			);
			runOnlyForDeploymentPostprocessing = 0;
		};
		B1631F1B2A1759EB0050974F /* Resources */ = {
			isa = PBXResourcesBuildPhase;
			buildActionMask = 2147483647;
			files = (
			);
			runOnlyForDeploymentPostprocessing = 0;
		};
		B1631F252A1759EB0050974F /* Resources */ = {
			isa = PBXResourcesBuildPhase;
			buildActionMask = 2147483647;
			files = (
			);
			runOnlyForDeploymentPostprocessing = 0;
		};
/* End PBXResourcesBuildPhase section */

/* Begin PBXSourcesBuildPhase section */
		B1631F032A1759EA0050974F /* Sources */ = {
			isa = PBXSourcesBuildPhase;
			buildActionMask = 2147483647;
			files = (
				4A64D1ED2CD7EC3F009C02D7 /* RegisterUserResponse.swift in Sources */,
				4A64D1F92CD7F4C3009C02D7 /* UserDefaults+Extension.swift in Sources */,
				B1631F542A175F090050974F /* UIImageView+Extension.swift in Sources */,
				B1631F502A175E840050974F /* String+Extension.swift in Sources */,
				B1A7C7592C95780B0020E9BA /* Bundle.swift in Sources */,
				4A64D1E82CD7E9D9009C02D7 /* UserAPI.swift in Sources */,
				4A64D1EF2CD7EDBC009C02D7 /* BaseTargetType.swift in Sources */,
				4A64D1F52CD7EEE8009C02D7 /* GetNotificationsResponse.swift in Sources */,
				B1631F4E2A175E350050974F /* UIStackView+Extension.swift in Sources */,
				4A64D1F32CD7EED1009C02D7 /* GetNotificationsRequest.swift in Sources */,
				B1631F0B2A1759EA0050974F /* AppDelegate.swift in Sources */,
				B1631F4C2A175DC80050974F /* NSMutableAttributedString+Extension.swift in Sources */,
				B1631F592A175F470050974F /* Notification.Name+Extension.swift in Sources */,
				4A64D1E52CD7E581009C02D7 /* Region.swift in Sources */,
				4A64D1EB2CD7EA39009C02D7 /* RegisterUserRequest.swift in Sources */,
				B1631F522A175EDB0050974F /* UIResponder+Extension.swift in Sources */,
				B1631F482A175C780050974F /* UIView+Extension.swift in Sources */,
				B1631F4A2A175D5C0050974F /* UIButton+Extension.swift in Sources */,
				4AF0FC482CC55CCC0064C265 /* DetailViewController.swift in Sources */,
				4A64D1E42CD7E57B009C02D7 /* Industry.swift in Sources */,
				4AF0FC4D2CC55E850064C265 /* Mock.swift in Sources */,
				4AF0FC422CC54FC60064C265 /* HomeCollectionViewCell.swift in Sources */,
				B1631F5B2A175F860050974F /* UITextField+Extension.swift in Sources */,
				4A64D1FB2CD7F8F8009C02D7 /* BaseResponse.swift in Sources */,
				4A64D1F12CD7EE30009C02D7 /* NotificationAPI.swift in Sources */,
				4AF0FC3E2CC54F5D0064C265 /* HomeViewController.swift in Sources */,
				4AF0FC452CC5500E0064C265 /* HomeItem.swift in Sources */,
				4A57EC7A2CC5375200A21F0A /* RegisterViewController.swift in Sources */,
				B1631F5D2A175F9C0050974F /* Date+Extension.swift in Sources */,
				B1631F0D2A1759EA0050974F /* SceneDelegate.swift in Sources */,
				4A64D1F72CD7F09B009C02D7 /* GetNotificationResponse.swift in Sources */,
				B1631F562A175F230050974F /* UICollectionViewCell+Extension.swift in Sources */,
			);
			runOnlyForDeploymentPostprocessing = 0;
		};
		B1631F192A1759EB0050974F /* Sources */ = {
			isa = PBXSourcesBuildPhase;
			buildActionMask = 2147483647;
			files = (
				B1631F222A1759EB0050974F /* CoffitTests.swift in Sources */,
			);
			runOnlyForDeploymentPostprocessing = 0;
		};
		B1631F232A1759EB0050974F /* Sources */ = {
			isa = PBXSourcesBuildPhase;
			buildActionMask = 2147483647;
			files = (
				B1631F2E2A1759EB0050974F /* CoffitUITestsLaunchTests.swift in Sources */,
				B1631F2C2A1759EB0050974F /* CoffitUITests.swift in Sources */,
			);
			runOnlyForDeploymentPostprocessing = 0;
		};
/* End PBXSourcesBuildPhase section */

/* Begin PBXTargetDependency section */
		B1631F1F2A1759EB0050974F /* PBXTargetDependency */ = {
			isa = PBXTargetDependency;
			target = B1631F062A1759EA0050974F /* Coffit */;
			targetProxy = B1631F1E2A1759EB0050974F /* PBXContainerItemProxy */;
		};
		B1631F292A1759EB0050974F /* PBXTargetDependency */ = {
			isa = PBXTargetDependency;
			target = B1631F062A1759EA0050974F /* Coffit */;
			targetProxy = B1631F282A1759EB0050974F /* PBXContainerItemProxy */;
		};
/* End PBXTargetDependency section */

/* Begin PBXVariantGroup section */
		B1631F152A1759EB0050974F /* LaunchScreen.storyboard */ = {
			isa = PBXVariantGroup;
			children = (
				B1631F162A1759EB0050974F /* Base */,
			);
			name = LaunchScreen.storyboard;
			sourceTree = "<group>";
		};
/* End PBXVariantGroup section */

/* Begin XCBuildConfiguration section */
		B1631F2F2A1759EB0050974F /* Debug */ = {
			isa = XCBuildConfiguration;
			buildSettings = {
				ALWAYS_SEARCH_USER_PATHS = NO;
				CLANG_ANALYZER_NONNULL = YES;
				CLANG_ANALYZER_NUMBER_OBJECT_CONVERSION = YES_AGGRESSIVE;
				CLANG_CXX_LANGUAGE_STANDARD = "gnu++20";
				CLANG_ENABLE_MODULES = YES;
				CLANG_ENABLE_OBJC_ARC = YES;
				CLANG_ENABLE_OBJC_WEAK = YES;
				CLANG_WARN_BLOCK_CAPTURE_AUTORELEASING = YES;
				CLANG_WARN_BOOL_CONVERSION = YES;
				CLANG_WARN_COMMA = YES;
				CLANG_WARN_CONSTANT_CONVERSION = YES;
				CLANG_WARN_DEPRECATED_OBJC_IMPLEMENTATIONS = YES;
				CLANG_WARN_DIRECT_OBJC_ISA_USAGE = YES_ERROR;
				CLANG_WARN_DOCUMENTATION_COMMENTS = YES;
				CLANG_WARN_EMPTY_BODY = YES;
				CLANG_WARN_ENUM_CONVERSION = YES;
				CLANG_WARN_INFINITE_RECURSION = YES;
				CLANG_WARN_INT_CONVERSION = YES;
				CLANG_WARN_NON_LITERAL_NULL_CONVERSION = YES;
				CLANG_WARN_OBJC_IMPLICIT_RETAIN_SELF = YES;
				CLANG_WARN_OBJC_LITERAL_CONVERSION = YES;
				CLANG_WARN_OBJC_ROOT_CLASS = YES_ERROR;
				CLANG_WARN_QUOTED_INCLUDE_IN_FRAMEWORK_HEADER = YES;
				CLANG_WARN_RANGE_LOOP_ANALYSIS = YES;
				CLANG_WARN_STRICT_PROTOTYPES = YES;
				CLANG_WARN_SUSPICIOUS_MOVE = YES;
				CLANG_WARN_UNGUARDED_AVAILABILITY = YES_AGGRESSIVE;
				CLANG_WARN_UNREACHABLE_CODE = YES;
				CLANG_WARN__DUPLICATE_METHOD_MATCH = YES;
				COPY_PHASE_STRIP = NO;
				DEBUG_INFORMATION_FORMAT = dwarf;
				ENABLE_STRICT_OBJC_MSGSEND = YES;
				ENABLE_TESTABILITY = YES;
				ENABLE_USER_SCRIPT_SANDBOXING = YES;
				GCC_C_LANGUAGE_STANDARD = gnu11;
				GCC_DYNAMIC_NO_PIC = NO;
				GCC_NO_COMMON_BLOCKS = YES;
				GCC_OPTIMIZATION_LEVEL = 0;
				GCC_PREPROCESSOR_DEFINITIONS = (
					"DEBUG=1",
					"$(inherited)",
				);
				GCC_WARN_64_TO_32_BIT_CONVERSION = YES;
				GCC_WARN_ABOUT_RETURN_TYPE = YES_ERROR;
				GCC_WARN_UNDECLARED_SELECTOR = YES;
				GCC_WARN_UNINITIALIZED_AUTOS = YES_AGGRESSIVE;
				GCC_WARN_UNUSED_FUNCTION = YES;
				GCC_WARN_UNUSED_VARIABLE = YES;
				IPHONEOS_DEPLOYMENT_TARGET = 16.4;
				MTL_ENABLE_DEBUG_INFO = INCLUDE_SOURCE;
				MTL_FAST_MATH = YES;
				ONLY_ACTIVE_ARCH = YES;
				SDKROOT = iphoneos;
				SWIFT_ACTIVE_COMPILATION_CONDITIONS = DEBUG;
				SWIFT_OPTIMIZATION_LEVEL = "-Onone";
			};
			name = Debug;
		};
		B1631F302A1759EB0050974F /* Release */ = {
			isa = XCBuildConfiguration;
			buildSettings = {
				ALWAYS_SEARCH_USER_PATHS = NO;
				CLANG_ANALYZER_NONNULL = YES;
				CLANG_ANALYZER_NUMBER_OBJECT_CONVERSION = YES_AGGRESSIVE;
				CLANG_CXX_LANGUAGE_STANDARD = "gnu++20";
				CLANG_ENABLE_MODULES = YES;
				CLANG_ENABLE_OBJC_ARC = YES;
				CLANG_ENABLE_OBJC_WEAK = YES;
				CLANG_WARN_BLOCK_CAPTURE_AUTORELEASING = YES;
				CLANG_WARN_BOOL_CONVERSION = YES;
				CLANG_WARN_COMMA = YES;
				CLANG_WARN_CONSTANT_CONVERSION = YES;
				CLANG_WARN_DEPRECATED_OBJC_IMPLEMENTATIONS = YES;
				CLANG_WARN_DIRECT_OBJC_ISA_USAGE = YES_ERROR;
				CLANG_WARN_DOCUMENTATION_COMMENTS = YES;
				CLANG_WARN_EMPTY_BODY = YES;
				CLANG_WARN_ENUM_CONVERSION = YES;
				CLANG_WARN_INFINITE_RECURSION = YES;
				CLANG_WARN_INT_CONVERSION = YES;
				CLANG_WARN_NON_LITERAL_NULL_CONVERSION = YES;
				CLANG_WARN_OBJC_IMPLICIT_RETAIN_SELF = YES;
				CLANG_WARN_OBJC_LITERAL_CONVERSION = YES;
				CLANG_WARN_OBJC_ROOT_CLASS = YES_ERROR;
				CLANG_WARN_QUOTED_INCLUDE_IN_FRAMEWORK_HEADER = YES;
				CLANG_WARN_RANGE_LOOP_ANALYSIS = YES;
				CLANG_WARN_STRICT_PROTOTYPES = YES;
				CLANG_WARN_SUSPICIOUS_MOVE = YES;
				CLANG_WARN_UNGUARDED_AVAILABILITY = YES_AGGRESSIVE;
				CLANG_WARN_UNREACHABLE_CODE = YES;
				CLANG_WARN__DUPLICATE_METHOD_MATCH = YES;
				COPY_PHASE_STRIP = NO;
				DEBUG_INFORMATION_FORMAT = "dwarf-with-dsym";
				ENABLE_NS_ASSERTIONS = NO;
				ENABLE_STRICT_OBJC_MSGSEND = YES;
				ENABLE_USER_SCRIPT_SANDBOXING = YES;
				GCC_C_LANGUAGE_STANDARD = gnu11;
				GCC_NO_COMMON_BLOCKS = YES;
				GCC_WARN_64_TO_32_BIT_CONVERSION = YES;
				GCC_WARN_ABOUT_RETURN_TYPE = YES_ERROR;
				GCC_WARN_UNDECLARED_SELECTOR = YES;
				GCC_WARN_UNINITIALIZED_AUTOS = YES_AGGRESSIVE;
				GCC_WARN_UNUSED_FUNCTION = YES;
				GCC_WARN_UNUSED_VARIABLE = YES;
				IPHONEOS_DEPLOYMENT_TARGET = 16.4;
				MTL_ENABLE_DEBUG_INFO = NO;
				MTL_FAST_MATH = YES;
				SDKROOT = iphoneos;
				SWIFT_COMPILATION_MODE = wholemodule;
				SWIFT_OPTIMIZATION_LEVEL = "-O";
				VALIDATE_PRODUCT = YES;
			};
			name = Release;
		};
		B1631F322A1759EB0050974F /* Debug */ = {
			isa = XCBuildConfiguration;
			buildSettings = {
				ASSETCATALOG_COMPILER_APPICON_NAME = AppIcon;
				ASSETCATALOG_COMPILER_GLOBAL_ACCENT_COLOR_NAME = AccentColor;
				BASE_URL = "http://localhost:8080";
				CODE_SIGN_ENTITLEMENTS = "";
				CODE_SIGN_IDENTITY = "Apple Development";
				CODE_SIGN_STYLE = Automatic;
				CURRENT_PROJECT_VERSION = 1;
				DEBUG_INFORMATION_FORMAT = "dwarf-with-dsym";
				DEVELOPMENT_TEAM = PDMWSHL7XA;
				GENERATE_INFOPLIST_FILE = YES;
				INFOPLIST_FILE = "Coffit/Global/Supporting Files/Info.plist";
				INFOPLIST_KEY_UIApplicationSupportsIndirectInputEvents = YES;
				INFOPLIST_KEY_UILaunchStoryboardName = LaunchScreen;
				INFOPLIST_KEY_UISupportedInterfaceOrientations_iPad = "UIInterfaceOrientationPortrait UIInterfaceOrientationPortraitUpsideDown UIInterfaceOrientationLandscapeLeft UIInterfaceOrientationLandscapeRight";
				INFOPLIST_KEY_UISupportedInterfaceOrientations_iPhone = "UIInterfaceOrientationPortrait UIInterfaceOrientationLandscapeLeft UIInterfaceOrientationLandscapeRight";
				IPHONEOS_DEPLOYMENT_TARGET = 15.0;
				LD_RUNPATH_SEARCH_PATHS = (
					"$(inherited)",
					"@executable_path/Frameworks",
				);
				MARKETING_VERSION = 1.0.0;
				PRODUCT_BUNDLE_IDENTIFIER = com.dannawagyu.coffit;
				PRODUCT_NAME = "$(TARGET_NAME)";
				PROVISIONING_PROFILE_SPECIFIER = "";
				SWIFT_EMIT_LOC_STRINGS = YES;
				SWIFT_VERSION = 5.0;
				TARGETED_DEVICE_FAMILY = "1,2";
			};
			name = Debug;
		};
		B1631F332A1759EB0050974F /* Release */ = {
			isa = XCBuildConfiguration;
			buildSettings = {
				ASSETCATALOG_COMPILER_APPICON_NAME = AppIcon;
				ASSETCATALOG_COMPILER_GLOBAL_ACCENT_COLOR_NAME = AccentColor;
				BASE_URL = "http://localhost:8080";
				CODE_SIGN_ENTITLEMENTS = "";
				CODE_SIGN_IDENTITY = "Apple Development";
				CODE_SIGN_STYLE = Automatic;
				CURRENT_PROJECT_VERSION = 1;
				DEVELOPMENT_TEAM = PDMWSHL7XA;
				GENERATE_INFOPLIST_FILE = YES;
				INFOPLIST_FILE = "Coffit/Global/Supporting Files/Info.plist";
				INFOPLIST_KEY_UIApplicationSupportsIndirectInputEvents = YES;
				INFOPLIST_KEY_UILaunchStoryboardName = LaunchScreen;
				INFOPLIST_KEY_UISupportedInterfaceOrientations_iPad = "UIInterfaceOrientationPortrait UIInterfaceOrientationPortraitUpsideDown UIInterfaceOrientationLandscapeLeft UIInterfaceOrientationLandscapeRight";
				INFOPLIST_KEY_UISupportedInterfaceOrientations_iPhone = "UIInterfaceOrientationPortrait UIInterfaceOrientationLandscapeLeft UIInterfaceOrientationLandscapeRight";
				IPHONEOS_DEPLOYMENT_TARGET = 15.0;
				LD_RUNPATH_SEARCH_PATHS = (
					"$(inherited)",
					"@executable_path/Frameworks",
				);
				MARKETING_VERSION = 1.0.0;
				PRODUCT_BUNDLE_IDENTIFIER = com.dannawagyu.coffit;
				PRODUCT_NAME = "$(TARGET_NAME)";
				PROVISIONING_PROFILE_SPECIFIER = "";
				SWIFT_EMIT_LOC_STRINGS = YES;
				SWIFT_VERSION = 5.0;
				TARGETED_DEVICE_FAMILY = "1,2";
			};
			name = Release;
		};
		B1631F352A1759EC0050974F /* Debug */ = {
			isa = XCBuildConfiguration;
			buildSettings = {
				ALWAYS_EMBED_SWIFT_STANDARD_LIBRARIES = YES;
				BUNDLE_LOADER = "$(TEST_HOST)";
				CODE_SIGN_STYLE = Automatic;
				CURRENT_PROJECT_VERSION = 1;
				DEVELOPMENT_TEAM = J92QJ4K4KU;
				GENERATE_INFOPLIST_FILE = YES;
				IPHONEOS_DEPLOYMENT_TARGET = 16.4;
				MARKETING_VERSION = 1.0;
				PRODUCT_BUNDLE_IDENTIFIER = com.dannawagyu.shaka.ShakaTests;
				PRODUCT_NAME = "$(TARGET_NAME)";
				SWIFT_EMIT_LOC_STRINGS = NO;
				SWIFT_VERSION = 5.0;
				TARGETED_DEVICE_FAMILY = "1,2";
				TEST_HOST = "$(BUILT_PRODUCTS_DIR)/Coffit.app/$(BUNDLE_EXECUTABLE_FOLDER_PATH)/Coffit";
			};
			name = Debug;
		};
		B1631F362A1759EC0050974F /* Release */ = {
			isa = XCBuildConfiguration;
			buildSettings = {
				ALWAYS_EMBED_SWIFT_STANDARD_LIBRARIES = YES;
				BUNDLE_LOADER = "$(TEST_HOST)";
				CODE_SIGN_STYLE = Automatic;
				CURRENT_PROJECT_VERSION = 1;
				DEVELOPMENT_TEAM = J92QJ4K4KU;
				GENERATE_INFOPLIST_FILE = YES;
				IPHONEOS_DEPLOYMENT_TARGET = 16.4;
				MARKETING_VERSION = 1.0;
				PRODUCT_BUNDLE_IDENTIFIER = com.dannawagyu.shaka.ShakaTests;
				PRODUCT_NAME = "$(TARGET_NAME)";
				SWIFT_EMIT_LOC_STRINGS = NO;
				SWIFT_VERSION = 5.0;
				TARGETED_DEVICE_FAMILY = "1,2";
				TEST_HOST = "$(BUILT_PRODUCTS_DIR)/Coffit.app/$(BUNDLE_EXECUTABLE_FOLDER_PATH)/Coffit";
			};
			name = Release;
		};
		B1631F382A1759EC0050974F /* Debug */ = {
			isa = XCBuildConfiguration;
			buildSettings = {
				ALWAYS_EMBED_SWIFT_STANDARD_LIBRARIES = YES;
				CODE_SIGN_STYLE = Automatic;
				CURRENT_PROJECT_VERSION = 1;
				DEVELOPMENT_TEAM = J92QJ4K4KU;
				GENERATE_INFOPLIST_FILE = YES;
				MARKETING_VERSION = 1.0;
				PRODUCT_BUNDLE_IDENTIFIER = com.dannawagyu.shaka.ShakaUITests;
				PRODUCT_NAME = "$(TARGET_NAME)";
				SWIFT_EMIT_LOC_STRINGS = NO;
				SWIFT_VERSION = 5.0;
				TARGETED_DEVICE_FAMILY = "1,2";
				TEST_TARGET_NAME = Shaka;
			};
			name = Debug;
		};
		B1631F392A1759EC0050974F /* Release */ = {
			isa = XCBuildConfiguration;
			buildSettings = {
				ALWAYS_EMBED_SWIFT_STANDARD_LIBRARIES = YES;
				CODE_SIGN_STYLE = Automatic;
				CURRENT_PROJECT_VERSION = 1;
				DEVELOPMENT_TEAM = J92QJ4K4KU;
				GENERATE_INFOPLIST_FILE = YES;
				MARKETING_VERSION = 1.0;
				PRODUCT_BUNDLE_IDENTIFIER = com.dannawagyu.shaka.ShakaUITests;
				PRODUCT_NAME = "$(TARGET_NAME)";
				SWIFT_EMIT_LOC_STRINGS = NO;
				SWIFT_VERSION = 5.0;
				TARGETED_DEVICE_FAMILY = "1,2";
				TEST_TARGET_NAME = Shaka;
			};
			name = Release;
		};
/* End XCBuildConfiguration section */

/* Begin XCConfigurationList section */
		B1631F022A1759EA0050974F /* Build configuration list for PBXProject "Coffit" */ = {
			isa = XCConfigurationList;
			buildConfigurations = (
				B1631F2F2A1759EB0050974F /* Debug */,
				B1631F302A1759EB0050974F /* Release */,
			);
			defaultConfigurationIsVisible = 0;
			defaultConfigurationName = Release;
		};
		B1631F312A1759EB0050974F /* Build configuration list for PBXNativeTarget "Coffit" */ = {
			isa = XCConfigurationList;
			buildConfigurations = (
				B1631F322A1759EB0050974F /* Debug */,
				B1631F332A1759EB0050974F /* Release */,
			);
			defaultConfigurationIsVisible = 0;
			defaultConfigurationName = Release;
		};
		B1631F342A1759EC0050974F /* Build configuration list for PBXNativeTarget "CoffitTests" */ = {
			isa = XCConfigurationList;
			buildConfigurations = (
				B1631F352A1759EC0050974F /* Debug */,
				B1631F362A1759EC0050974F /* Release */,
			);
			defaultConfigurationIsVisible = 0;
			defaultConfigurationName = Release;
		};
		B1631F372A1759EC0050974F /* Build configuration list for PBXNativeTarget "CoffitUITests" */ = {
			isa = XCConfigurationList;
			buildConfigurations = (
				B1631F382A1759EC0050974F /* Debug */,
				B1631F392A1759EC0050974F /* Release */,
			);
			defaultConfigurationIsVisible = 0;
			defaultConfigurationName = Release;
		};
/* End XCConfigurationList section */

/* Begin XCRemoteSwiftPackageReference section */
		4A64D1DF2CD7BC18009C02D7 /* XCRemoteSwiftPackageReference "Moya" */ = {
			isa = XCRemoteSwiftPackageReference;
			repositoryURL = "https://github.com/Moya/Moya.git";
			requirement = {
				kind = upToNextMajorVersion;
				minimumVersion = 15.0.3;
			};
		};
		4AF0FC492CC55D0B0064C265 /* XCRemoteSwiftPackageReference "MarkdownKit" */ = {
			isa = XCRemoteSwiftPackageReference;
			repositoryURL = "https://github.com/bmoliveira/MarkdownKit.git";
			requirement = {
				kind = upToNextMajorVersion;
				minimumVersion = 1.7.1;
			};
		};
		B1AD99812BC2EC80005AA45B /* XCRemoteSwiftPackageReference "SnapKit" */ = {
			isa = XCRemoteSwiftPackageReference;
			repositoryURL = "https://github.com/SnapKit/SnapKit.git";
			requirement = {
				kind = upToNextMajorVersion;
				minimumVersion = 5.0.0;
			};
		};
/* End XCRemoteSwiftPackageReference section */

/* Begin XCSwiftPackageProductDependency section */
		4A64D1E02CD7BC18009C02D7 /* Moya */ = {
			isa = XCSwiftPackageProductDependency;
			package = 4A64D1DF2CD7BC18009C02D7 /* XCRemoteSwiftPackageReference "Moya" */;
			productName = Moya;
		};
		4AF0FC4A2CC55DFD0064C265 /* MarkdownKit */ = {
			isa = XCSwiftPackageProductDependency;
			package = 4AF0FC492CC55D0B0064C265 /* XCRemoteSwiftPackageReference "MarkdownKit" */;
			productName = MarkdownKit;
		};
		B1AD99822BC2EC80005AA45B /* SnapKit */ = {
			isa = XCSwiftPackageProductDependency;
			package = B1AD99812BC2EC80005AA45B /* XCRemoteSwiftPackageReference "SnapKit" */;
			productName = SnapKit;
		};
/* End XCSwiftPackageProductDependency section */
	};
	rootObject = B1631EFF2A1759EA0050974F /* Project object */;
}
